
Microsoft Visual Studio Solution File, Format Version 12.00
# Visual Studio Version 17
VisualStudioVersion = 17.9.34723.18
MinimumVisualStudioVersion = 10.0.40219.1
Project("{9A19103F-16F7-4668-BE54-9A1E7A4F7556}") = "ElroubyLessCore", "ElroubyLessCore.csproj", "{12E64E6B-A8EB-416E-B811-07DA8BBFA86F}"
EndProject
Project("{9A19103F-16F7-4668-BE54-9A1E7A4F7556}") = "ElroubyCMD", "..\..\..\..\Windows Helper\Abdullah\Desktop\ElroubyCMD\ElroubyCMD.csproj", "{351F7F4D-3D7C-4085-A535-925AC371B046}"
EndProject
Project("{9A19103F-16F7-4668-BE54-9A1E7A4F7556}") = "CoreSupport", "..\..\rouby\CoreSupport\CoreSupport\CoreSupport.csproj", "{4DC9DD9D-391E-4DC3-98FD-2D698288FEAF}"
EndProject
Global
	GlobalSection(SolutionConfigurationPlatforms) = preSolution
		Debug|Any CPU = Debug|Any CPU
		Release|Any CPU = Release|Any CPU
	EndGlobalSection
	GlobalSection(ProjectConfigurationPlatforms) = postSolution
		{12E64E6B-A8EB-416E-B811-07DA8BBFA86F}.Debug|Any CPU.ActiveCfg = Debug|Any CPU
		{12E64E6B-A8EB-416E-B811-07DA8BBFA86F}.Debug|Any CPU.Build.0 = Debug|Any CPU
		{12E64E6B-A8EB-416E-B811-07DA8BBFA86F}.Release|Any CPU.ActiveCfg = Release|Any CPU
		{12E64E6B-A8EB-416E-B811-07DA8BBFA86F}.Release|Any CPU.Build.0 = Release|Any CPU
		{351F7F4D-3D7C-4085-A535-925AC371B046}.Debug|Any CPU.ActiveCfg = Debug|Any CPU
		{351F7F4D-3D7C-4085-A535-925AC371B046}.Debug|Any CPU.Build.0 = Debug|Any CPU
		{351F7F4D-3D7C-4085-A535-925AC371B046}.Release|Any CPU.ActiveCfg = Release|Any CPU
		{351F7F4D-3D7C-4085-A535-925AC371B046}.Release|Any CPU.Build.0 = Release|Any CPU
		{4DC9DD9D-391E-4DC3-98FD-2D698288FEAF}.Debug|Any CPU.ActiveCfg = Debug|Any CPU
		{4DC9DD9D-391E-4DC3-98FD-2D698288FEAF}.Debug|Any CPU.Build.0 = Debug|Any CPU
		{4DC9DD9D-391E-4DC3-98FD-2D698288FEAF}.Release|Any CPU.ActiveCfg = Release|Any CPU
		{4DC9DD9D-391E-4DC3-98FD-2D698288FEAF}.Release|Any CPU.Build.0 = Release|Any CPU
	EndGlobalSection
	GlobalSection(SolutionProperties) = preSolution
		HideSolutionNode = FALSE
	EndGlobalSection
	GlobalSection(ExtensibilityGlobals) = postSolution
		SolutionGuid = {A4832973-0051-407B-BE02-6888BBE63C07}
	EndGlobalSection
EndGlobal
